
Microsoft Visual Studio Solution File, Format Version 12.00
# Visual Studio Version 17
VisualStudioVersion = 17.5.33516.290
MinimumVisualStudioVersion = 10.0.40219.1
Project("{FAE04EC0-301F-11D3-BF4B-00C04F79EFBC}") = "driver-sign-in", "driver-sign-in\driver-sign-in.csproj", "{0EF0A9DF-EAA6-49F9-B00D-B33F5F6EDB31}"
EndProject
Global
	GlobalSection(SolutionConfigurationPlatforms) = preSolution
		Debug|Any CPU = Debug|Any CPU
		Release|Any CPU = Release|Any CPU
	EndGlobalSection
	GlobalSection(ProjectConfigurationPlatforms) = postSolution
		{0EF0A9DF-EAA6-49F9-B00D-B33F5F6EDB31}.Debug|Any CPU.ActiveCfg = Debug|Any CPU
		{0EF0A9DF-EAA6-49F9-B00D-B33F5F6EDB31}.Debug|Any CPU.Build.0 = Debug|Any CPU
		{0EF0A9DF-EAA6-49F9-B00D-B33F5F6EDB31}.Release|Any CPU.ActiveCfg = Release|Any CPU
		{0EF0A9DF-EAA6-49F9-B00D-B33F5F6EDB31}.Release|Any CPU.Build.0 = Release|Any CPU
	EndGlobalSection
	GlobalSection(SolutionProperties) = preSolution
		HideSolutionNode = FALSE
	EndGlobalSection
	GlobalSection(ExtensibilityGlobals) = postSolution
		SolutionGuid = {48668D52-9AD6-4431-BD87-8A8F2F0FAB81}
	EndGlobalSection
EndGlobal
